# This file is automatically @generated by Cargo.
# It is not intended for manual editing.
version = 4

[[package]]
name = "glam"
version = "0.30.3"
source = "registry+https://github.com/rust-lang/crates.io-index"
checksum = "6b46b9ca4690308844c644e7c634d68792467260e051c8543e0c7871662b3ba7"

[[package]]
name = "pha-engine"
version = "0.1.0"
dependencies = [
 "glam",
]
